<?xml version="1.0" encoding="utf-8"?>
<Project ToolsVersion="4.0" xmlns="http://schemas.microsoft.com/developer/msbuild/2003">
  <ItemGroup>
    <Filter Include="Source Files">
      <UniqueIdentifier>{4FC737F1-C7A5-4376-A066-2A32D752A2FF}</UniqueIdentifier>
      <Extensions>cpp;c;cc;cxx;def;odl;idl;hpj;bat;asm;asmx</Extensions>
    </Filter>
    <Filter Include="Source Files\sdk">
      <UniqueIdentifier>{4029c512-d8f0-44b9-a157-7d4f9b7361f2}</UniqueIdentifier>
    </Filter>
  </ItemGroup>
  <ItemGroup>
    <ClCompile Include="main.cpp">
      <Filter>Source Files</Filter>
    </ClCompile>
    <ClCompile Include="sdk\amxxmodule.cpp">
      <Filter>Source Files\sdk</Filter>
    </ClCompile>
    <ClCompile Include="brush.cpp">
      <Filter>Source Files</Filter>
    </ClCompile>
    <ClCompile Include="world.cpp">
      <Filter>Source Files</Filter>
    </ClCompile>
    <ClCompile Include="textures.cpp">
      <Filter>Source Files</Filter>
    </ClCompile>
    <ClCompile Include="httpserver.cpp">
      <Filter>Source Files</Filter>
    </ClCompile>
    <ClCompile Include="face.cpp">
      <Filter>Source Files</Filter>
    </ClCompile>
    <ClCompile Include="fgdparser.cpp">
      <Filter>Source Files</Filter>
    </ClCompile>
    <ClCompile Include="fgdclasses.cpp">
      <Filter>Source Files</Filter>
    </ClCompile>
    <ClCompile Include="entity.cpp">
      <Filter>Source Files</Filter>
    </ClCompile>
    <ClCompile Include="compiler.cpp">
      <Filter>Source Files</Filter>
    </ClCompile>
  </ItemGroup>
  <ItemGroup>
    <ClInclude Include="sdk\amxxmodule.h">
      <Filter>Source Files\sdk</Filter>
    </ClInclude>
    <ClInclude Include="sdk\moduleconfig.h">
      <Filter>Source Files\sdk</Filter>
    </ClInclude>
    <ClInclude Include="brush.h">
      <Filter>Source Files</Filter>
    </ClInclude>
    <ClInclude Include="world.h">
      <Filter>Source Files</Filter>
    </ClInclude>
    <ClInclude Include="defs.h">
      <Filter>Source Files</Filter>
    </ClInclude>
    <ClInclude Include="textures.h">
      <Filter>Source Files</Filter>
    </ClInclude>
    <ClInclude Include="httpserver.h">
      <Filter>Source Files</Filter>
    </ClInclude>
    <ClInclude Include="face.h">
      <Filter>Source Files</Filter>
    </ClInclude>
    <ClInclude Include="fgdparser.h">
      <Filter>Source Files</Filter>
    </ClInclude>
    <ClInclude Include="fgdclasses.h">
      <Filter>Source Files</Filter>
    </ClInclude>
    <ClInclude Include="entity.h">
      <Filter>Source Files</Filter>
    </ClInclude>
    <ClInclude Include="compiler.h">
      <Filter>Source Files</Filter>
    </ClInclude>
  </ItemGroup>
</Project>